<?xml version="1.0" encoding="utf-8"?>
<Project ToolsVersion="4.0" xmlns="http://schemas.microsoft.com/developer/msbuild/2003">
  <ItemGroup>
    <Filter Include="AdiSim">
      <UniqueIdentifier>{DCEACAA6-C88C-F57C-B147-09D19D887CCD}</UniqueIdentifier>
    </Filter>
    <Filter Include="AdiSim\Events">
      <UniqueIdentifier>{404728E0-AC07-A416-7542-ED93E1C1E8F2}</UniqueIdentifier>
    </Filter>
    <Filter Include="Platform">
      <UniqueIdentifier>{2AC788B4-1694-E3BF-3FAD-D1672BD9184E}</UniqueIdentifier>
    </Filter>
    <Filter Include="Platform\Windows">
      <UniqueIdentifier>{64FBD71A-50F4-F66C-7926-DCF1657ED678}</UniqueIdentifier>
    </Filter>
  </ItemGroup>
  <ItemGroup>
    <ClInclude Include="src\AdiSim.h" />
    <ClInclude Include="src\AdiSim\Application.h">
      <Filter>AdiSim</Filter>
    </ClInclude>
    <ClInclude Include="src\AdiSim\Core.h">
      <Filter>AdiSim</Filter>
    </ClInclude>
    <ClInclude Include="src\AdiSim\EntryPoint.h">
      <Filter>AdiSim</Filter>
    </ClInclude>
    <ClInclude Include="src\AdiSim\Events\ApplicationEvent.h">
      <Filter>AdiSim\Events</Filter>
    </ClInclude>
    <ClInclude Include="src\AdiSim\Events\Event.h">
      <Filter>AdiSim\Events</Filter>
    </ClInclude>
    <ClInclude Include="src\AdiSim\Events\KeyEvent.h">
      <Filter>AdiSim\Events</Filter>
    </ClInclude>
    <ClInclude Include="src\AdiSim\Events\MouseEvent.h">
      <Filter>AdiSim\Events</Filter>
    </ClInclude>
    <ClInclude Include="src\AdiSim\Layer.h">
      <Filter>AdiSim</Filter>
    </ClInclude>
    <ClInclude Include="src\AdiSim\LayerStack.h">
      <Filter>AdiSim</Filter>
    </ClInclude>
    <ClInclude Include="src\AdiSim\Log.h">
      <Filter>AdiSim</Filter>
    </ClInclude>
    <ClInclude Include="src\AdiSim\Window.h">
      <Filter>AdiSim</Filter>
    </ClInclude>
    <ClInclude Include="src\Platform\Windows\WindowsWindow.h">
      <Filter>Platform\Windows</Filter>
    </ClInclude>
    <ClInclude Include="src\aspch.h" />
  </ItemGroup>
  <ItemGroup>
    <ClCompile Include="src\AdiSim\Application.cpp">
      <Filter>AdiSim</Filter>
    </ClCompile>
    <ClCompile Include="src\AdiSim\Layer.cpp">
      <Filter>AdiSim</Filter>
    </ClCompile>
    <ClCompile Include="src\AdiSim\LayerStack.cpp">
      <Filter>AdiSim</Filter>
    </ClCompile>
    <ClCompile Include="src\AdiSim\Log.cpp">
      <Filter>AdiSim</Filter>
    </ClCompile>
    <ClCompile Include="src\Platform\Windows\WindowsWindow.cpp">
      <Filter>Platform\Windows</Filter>
    </ClCompile>
    <ClCompile Include="src\aspch.cpp" />
  </ItemGroup>
</Project>